
Microsoft Visual Studio Solution File, Format Version 12.00
# Visual Studio Version 17
VisualStudioVersion = 17.0.31903.59
MinimumVisualStudioVersion = 10.0.40219.1
Project("{FAE04EC0-301F-11D3-BF4B-00C04F79EFBC}") = "ConsoleApp", "ConsoleApp\ConsoleApp.csproj", "{6DE87D89-BA5A-4692-A6B1-5D7F90761BE7}"
EndProject
Project("{FAE04EC0-301F-11D3-BF4B-00C04F79EFBC}") = "LessonsInterface", "..\LessonsInterface\LessonsInterface.csproj", "{08635406-6384-4179-B4B1-1DED0F2EF9C9}"
EndProject
Project("{FAE04EC0-301F-11D3-BF4B-00C04F79EFBC}") = "LessonsLib", "..\LessonsLib\LessonsLib.csproj", "{51CFFE74-0892-4E85-A6F9-B8B44346C84C}"
EndProject
Global
	GlobalSection(SolutionConfigurationPlatforms) = preSolution
		Debug|Any CPU = Debug|Any CPU
		Release|Any CPU = Release|Any CPU
	EndGlobalSection
	GlobalSection(ProjectConfigurationPlatforms) = postSolution
		{6DE87D89-BA5A-4692-A6B1-5D7F90761BE7}.Debug|Any CPU.ActiveCfg = Debug|Any CPU
		{6DE87D89-BA5A-4692-A6B1-5D7F90761BE7}.Debug|Any CPU.Build.0 = Debug|Any CPU
		{6DE87D89-BA5A-4692-A6B1-5D7F90761BE7}.Release|Any CPU.ActiveCfg = Release|Any CPU
		{6DE87D89-BA5A-4692-A6B1-5D7F90761BE7}.Release|Any CPU.Build.0 = Release|Any CPU
		{08635406-6384-4179-B4B1-1DED0F2EF9C9}.Debug|Any CPU.ActiveCfg = Debug|Any CPU
		{08635406-6384-4179-B4B1-1DED0F2EF9C9}.Debug|Any CPU.Build.0 = Debug|Any CPU
		{08635406-6384-4179-B4B1-1DED0F2EF9C9}.Release|Any CPU.ActiveCfg = Release|Any CPU
		{08635406-6384-4179-B4B1-1DED0F2EF9C9}.Release|Any CPU.Build.0 = Release|Any CPU
		{51CFFE74-0892-4E85-A6F9-B8B44346C84C}.Debug|Any CPU.ActiveCfg = Debug|Any CPU
		{51CFFE74-0892-4E85-A6F9-B8B44346C84C}.Debug|Any CPU.Build.0 = Debug|Any CPU
		{51CFFE74-0892-4E85-A6F9-B8B44346C84C}.Release|Any CPU.ActiveCfg = Release|Any CPU
		{51CFFE74-0892-4E85-A6F9-B8B44346C84C}.Release|Any CPU.Build.0 = Release|Any CPU
	EndGlobalSection
	GlobalSection(SolutionProperties) = preSolution
		HideSolutionNode = FALSE
	EndGlobalSection
	GlobalSection(ExtensibilityGlobals) = postSolution
		SolutionGuid = {7E1033C3-4FD4-4964-87CB-112F28592F49}
	EndGlobalSection
EndGlobal
